{
  "name": "slide-show",
  "version": "1.0.0",
  "lockfileVersion": 1,
  "requires": true,
  "dependencies": {
    "dom99": {
      "version": "9.1.0",
      "resolved": "https://registry.npmjs.org/dom99/-/dom99-9.1.0.tgz",
      "integrity": "sha512-fM4Fg1qYFvTj7UxmwQFRqdjlnBUmtUqdbJx1/uP+yrMS+DyBZJ398oMdzrGgHeJkdkKviG7i0Cl9mm6lQGe1bA=="
    }
  }
}
