{
  "name": "onewaydata",
  "version": "5.0.0",
  "lockfileVersion": 1,
  "requires": true,
  "dependencies": {
    "event-e3": {
      "version": "8.0.2",
      "resolved": "https://registry.npmjs.org/event-e3/-/event-e3-8.0.2.tgz",
      "integrity": "sha512-yKePQrhE1quG/EkdLC4XxuKpPYnvpGwOMLWPCM4bwzkwutgscc4c/uRAKjErKICJqhVWFwaAVn43V4H1c+4doQ=="
    }
  }
}
