{
  "name": "onewaydata",
  "version": "3.0.0",
  "lockfileVersion": 1,
  "requires": true,
  "dependencies": {
    "event-e3": {
      "version": "8.0.1",
      "resolved": "https://registry.npmjs.org/event-e3/-/event-e3-8.0.1.tgz",
      "integrity": "sha512-W+xuO8zVLM17/uVt6Eg+zxR40vCEka3OlhtqfuykkipFLu1Kshr7QDVFJPHvVgMzOMJDXsuQD2GTyn30Q5pSPg=="
    }
  }
}
