{
  "name": "onewaydata",
  "version": "1.0.0",
  "lockfileVersion": 1,
  "requires": true,
  "dependencies": {
    "event-e3": {
      "version": "7.0.3",
      "resolved": "https://registry.npmjs.org/event-e3/-/event-e3-7.0.3.tgz",
      "integrity": "sha512-LlSe3DNOVR7xpkkE7flwXHNEoPoFOqzo3dcWmNVOHGvwKC3sP0n6PhEeNvRv/GEr1cHuyrZYf80AVEE9Ha6l8A=="
    }
  }
}
