{
  "name": "examples",
  "version": "3.0.1",
  "lockfileVersion": 1,
  "requires": true,
  "dependencies": {
    "async-limiter": {
      "version": "1.0.0",
      "resolved": "https://registry.npmjs.org/async-limiter/-/async-limiter-1.0.0.tgz",
      "integrity": "sha512-jp/uFnooOiO+L211eZOoSyzpOITMXx1rBITauYykG3BRYPu8h0UcxsPNB04RR5vo4Tyz3+ay17tR6JVf9qzYWg=="
    },
    "filesac": {
      "version": "11.0.0",
      "resolved": "https://registry.npmjs.org/filesac/-/filesac-11.0.0.tgz",
      "integrity": "sha512-Q7HVIX1Z+y1htxs564ZyQyod/icLUBZ9BFiozX38ITZEBiF1Dm+YXXQPDsI2CfhWXLL5GS4Hrrok1UrrIK43gg=="
    },
    "majo-ubjson": {
      "version": "1.0.0",
      "resolved": "https://registry.npmjs.org/majo-ubjson/-/majo-ubjson-1.0.0.tgz",
      "integrity": "sha512-cGrNSqYnSRO+Z0UKIzI/7J0Aa/4rX5ebqUHEEz9E/0dymefIWpuFNuWUzBaEo/LTtwq3xfsg41bZtGW8m9tflA==",
      "requires": {
        "@shelacek/ubjson": "^1.0.1"
      },
      "dependencies": {
        "@shelacek/ubjson": {
          "version": "1.0.1",
          "resolved": "https://registry.npmjs.org/@shelacek/ubjson/-/ubjson-1.0.1.tgz",
          "integrity": "sha512-0vlllP3M7fUElSd4239wmnv6SqDeymJgjRkb/iusOyDN4I0xjc8hrX4Zk/KYoAesgSdsnnSwhOU7g+IewmdaAw=="
        }
      }
    },
    "ws": {
      "version": "7.0.0",
      "resolved": "https://registry.npmjs.org/ws/-/ws-7.0.0.tgz",
      "integrity": "sha512-cknCal4k0EAOrh1SHHPPWWh4qm93g1IuGGGwBjWkXmCG7LsDtL8w9w+YVfaF+KSVwiHQKDIMsSLBVftKf9d1pg==",
      "requires": {
        "async-limiter": "^1.0.0"
      }
    }
  }
}
