{
  "name": "examples",
  "version": "1.0.0",
  "lockfileVersion": 1,
  "requires": true,
  "dependencies": {
    "esm": {
      "version": "3.2.4",
      "resolved": "https://registry.npmjs.org/esm/-/esm-3.2.4.tgz",
      "integrity": "sha512-wOuWtQCkkwD1WKQN/k3RsyGSSN+AmiUzdKftn8vaC+uV9JesYmQlODJxgXaaRz0LaaFIlUxZaUu5NPiUAjKAAA=="
    }
  }
}
