{
  "name": "socketiyo-client",
  "version": "4.0.1",
  "lockfileVersion": 1,
  "requires": true,
  "dependencies": {
    "event-e3": {
      "version": "7.6.0",
      "resolved": "https://registry.npmjs.org/event-e3/-/event-e3-7.6.0.tgz",
      "integrity": "sha512-pgHCQst4u2bKMGzLvLZhrsowocZ6haQngnJ1S9wYKceK5Yi5E1Wnsqxu0E0DdxcE4o7LLl9EypupODIRDUbHAg=="
    },
    "socketiyo-shared": {
      "version": "2.0.0",
      "resolved": "https://registry.npmjs.org/socketiyo-shared/-/socketiyo-shared-2.0.0.tgz",
      "integrity": "sha512-IsnUKUxUJkk6UNQEyitfps4dvHanqM+T923dFtfHpDdGdwgA1VILiY2ETljg9ncS46w5EE/H3r4AD9raGSoPDQ=="
    }
  }
}
