{
  "name": "socketiyo-client",
  "version": "2.3.0",
  "lockfileVersion": 1,
  "requires": true,
  "dependencies": {
    "event-e3": {
      "version": "7.5.2",
      "resolved": "https://registry.npmjs.org/event-e3/-/event-e3-7.5.2.tgz",
      "integrity": "sha512-a7Q2o4BnaXOtHw/afQD8uU65NCX57Z4Au5dd+4uS+Xk8sPiYz07MWOpQBv1wqmTOzEqjFmNXrN2p1Od4kgiw/g=="
    },
    "socketiyo-shared": {
      "version": "1.1.1",
      "resolved": "https://registry.npmjs.org/socketiyo-shared/-/socketiyo-shared-1.1.1.tgz",
      "integrity": "sha512-x/OFpC37n5GEj0tnVmxlrUecMiJfgXAoUbDu/bGQpJMKoR62qCFODpFhQgV8CtWGNQrfspqWhTEyCpJ06BV3iw=="
    }
  }
}
