{
  "name": "socketiyo-client",
  "version": "2.2.0",
  "lockfileVersion": 1,
  "requires": true,
  "dependencies": {
    "event-e3": {
      "version": "7.1.1",
      "resolved": "https://registry.npmjs.org/event-e3/-/event-e3-7.1.1.tgz",
      "integrity": "sha512-Su1Vwvg7OI5p4pUd9yAlkuxMOt5SamjTO3cbRphjOuTig87Xdb+Tkdo4Duk66sgAbP/IAaAagag0OlC4+e/0Hw=="
    },
    "socketiyo-shared": {
      "version": "1.0.0",
      "resolved": "https://registry.npmjs.org/socketiyo-shared/-/socketiyo-shared-1.0.0.tgz",
      "integrity": "sha512-AellpDO/0O9IH1evNAJHCkLnFpGUgV5YIk8cSIVEuthR0LBWUoWjUTag3JrsC0fGMOSLe13FDUusT3hj7K0n9Q=="
    }
  }
}
