{
  "name": "wasm",
  "version": "1.0.0",
  "lockfileVersion": 1,
  "requires": true,
  "dependencies": {
    "collisions": {
      "version": "2.0.13",
      "resolved": "https://registry.npmjs.org/collisions/-/collisions-2.0.13.tgz",
      "integrity": "sha512-KOTVGrIlzTkgmZp/OlYruqVpuAuBGcGTWurLp56n4+9c7NHBYWlF3TtNZc6hTr22GiGPE34+frBugQV4OEmFjQ=="
    },
    "dom99": {
      "version": "14.4.0",
      "resolved": "https://registry.npmjs.org/dom99/-/dom99-14.4.0.tgz",
      "integrity": "sha512-k+HmmcK8n//Nbt3TIKir5v6NSd3HH7m971FfxvIg8HwtEMSaPRVLhOyR4uKZ0gGxL2Mfh+sbVLbuyLF+5Dl4kA=="
    },
    "utilsac": {
      "version": "7.0.0",
      "resolved": "https://registry.npmjs.org/utilsac/-/utilsac-7.0.0.tgz",
      "integrity": "sha512-85sz9vFSX2d1eGd+norIn1tspc83Nc6hNTLZZAXXcaiQrK+jiBBoWDJezsAd/Y9hBn86kPPK+hxrFMTKXT6uaA=="
    }
  }
}
