{
  "name": "socketiyo",
  "version": "2.2.0",
  "lockfileVersion": 1,
  "requires": true,
  "dependencies": {
    "event-e3": {
      "version": "7.4.1",
      "resolved": "https://registry.npmjs.org/event-e3/-/event-e3-7.4.1.tgz",
      "integrity": "sha512-QcXRZQJfkXnxi9qmQSfWsh1klaeRfIm5LcjyAh2EN8NArcjAZcz0pUcmKnECnlUcmndQ3qCGXexKj4a6672HAA=="
    },
    "socketiyo-shared": {
      "version": "1.1.1",
      "resolved": "https://registry.npmjs.org/socketiyo-shared/-/socketiyo-shared-1.1.1.tgz",
      "integrity": "sha512-x/OFpC37n5GEj0tnVmxlrUecMiJfgXAoUbDu/bGQpJMKoR62qCFODpFhQgV8CtWGNQrfspqWhTEyCpJ06BV3iw=="
    }
  }
}
