{
  "name": "socketiyo",
  "version": "6.4.1",
  "lockfileVersion": 1,
  "requires": true,
  "dependencies": {
    "event-e3": {
      "version": "8.0.0",
      "resolved": "https://registry.npmjs.org/event-e3/-/event-e3-8.0.0.tgz",
      "integrity": "sha512-zFA+gM7oKa3GH7/mOOYLRyKHkLCtQsWkvicqDvVncvNADjRqJm78KH3a3ugZ4NbB/Wmw8nNQEMsSrb54w8KV1w=="
    },
    "socketiyo-shared": {
      "version": "2.0.3",
      "resolved": "https://registry.npmjs.org/socketiyo-shared/-/socketiyo-shared-2.0.3.tgz",
      "integrity": "sha512-yd3nnL1vnx1tdlMcSTf7RcVIDjfUoLV+dxqGosedFPmIk8uJdMyoD46fSoc10E92sb8tCQ6W4f2Ox+UXVPmFQA=="
    },
    "utilsac": {
      "version": "10.4.1",
      "resolved": "https://registry.npmjs.org/utilsac/-/utilsac-10.4.1.tgz",
      "integrity": "sha512-DsiTpBx1szzmTIWYB16EDon8bXRhee1qmdNLPgrOtGMjWRGUzEP4fxMihu1JI+Q2QylJdv+xn16FnF22dM1vgA=="
    }
  }
}
