{
  "name": "n",
  "version": "1",
  "lockfileVersion": 2,
  "requires": true,
  "packages": {
    "": {
      "name": "n",
      "version": "1",
      "dependencies": {
        "randomsac": "^10.1.0"
      }
    },
    "node_modules/randomsac": {
      "version": "10.1.0",
      "resolved": "https://registry.npmjs.org/randomsac/-/randomsac-10.1.0.tgz",
      "integrity": "sha512-S6lckePi9ta12Q9dOvxQOBzvGM0XX9OCwDxcu63aX8XL+Ny1UkcIFCDpwjzPZkCeRboItS05zvuB0DA5rl/vog=="
    }
  },
  "dependencies": {
    "randomsac": {
      "version": "10.1.0",
      "resolved": "https://registry.npmjs.org/randomsac/-/randomsac-10.1.0.tgz",
      "integrity": "sha512-S6lckePi9ta12Q9dOvxQOBzvGM0XX9OCwDxcu63aX8XL+Ny1UkcIFCDpwjzPZkCeRboItS05zvuB0DA5rl/vog=="
    }
  }
}
