{
  "name": "n",
  "version": "1",
  "lockfileVersion": 2,
  "requires": true,
  "packages": {
    "": {
      "name": "n",
      "version": "1",
      "dependencies": {
        "randomsac": "^10.1.3"
      }
    },
    "node_modules/randomsac": {
      "version": "10.1.3",
      "resolved": "https://registry.npmjs.org/randomsac/-/randomsac-10.1.3.tgz",
      "integrity": "sha512-ckSKXcMXqtO4BeymmLmhdU8gS6/+iutkv9EycksCkHPCz+XeJkYdXUpzat/BCKTW0zaVkOzQiAqXlDhe40zM+g=="
    }
  },
  "dependencies": {
    "randomsac": {
      "version": "10.1.3",
      "resolved": "https://registry.npmjs.org/randomsac/-/randomsac-10.1.3.tgz",
      "integrity": "sha512-ckSKXcMXqtO4BeymmLmhdU8gS6/+iutkv9EycksCkHPCz+XeJkYdXUpzat/BCKTW0zaVkOzQiAqXlDhe40zM+g=="
    }
  }
}
